// !$*UTF8*$!
{
	archiveVersion = 1;
	classes = {
	};
	objectVersion = 46;
	objects = {

/* Begin PBXBuildFile section */
		B9A828F74074DAD02605900E /* Pods_RxSwiftPracticeNote.framework in Frameworks */ = {isa = PBXBuildFile; fileRef = 4E27D0EC1D8369CBBAB07413 /* Pods_RxSwiftPracticeNote.framework */; };
		DE0577F71E277A5A00370B6F /* Repository.swift in Sources */ = {isa = PBXBuildFile; fileRef = DE0577F61E277A5A00370B6F /* Repository.swift */; };
		DE0577F91E277AC400370B6F /* RepositoriesViewModel.swift in Sources */ = {isa = PBXBuildFile; fileRef = DE0577F81E277AC400370B6F /* RepositoriesViewModel.swift */; };
		DE178F791E2649FD00693CD5 /* RamenPresenter.swift in Sources */ = {isa = PBXBuildFile; fileRef = DE178F781E2649FD00693CD5 /* RamenPresenter.swift */; };
		DE2FA97C1E2B791D009E3556 /* Constants.swift in Sources */ = {isa = PBXBuildFile; fileRef = DE2FA97B1E2B791C009E3556 /* Constants.swift */; };
		DE2FA97F1E2B7D65009E3556 /* VenueSearchViewController.swift in Sources */ = {isa = PBXBuildFile; fileRef = DE2FA97E1E2B7D65009E3556 /* VenueSearchViewController.swift */; };
		DE2FA9851E2B8239009E3556 /* VenueCell.swift in Sources */ = {isa = PBXBuildFile; fileRef = DE2FA9831E2B8239009E3556 /* VenueCell.swift */; };
		DE2FA9861E2B8239009E3556 /* VenueCell.xib in Resources */ = {isa = PBXBuildFile; fileRef = DE2FA9841E2B8239009E3556 /* VenueCell.xib */; };
		DE2FA9891E2B87E0009E3556 /* Venue.swift in Sources */ = {isa = PBXBuildFile; fileRef = DE2FA9881E2B87E0009E3556 /* Venue.swift */; };
		DE2FA98B1E2B87F0009E3556 /* VenueAPIClient.swift in Sources */ = {isa = PBXBuildFile; fileRef = DE2FA98A1E2B87F0009E3556 /* VenueAPIClient.swift */; };
		DE2FA98D1E2B8815009E3556 /* VenueViewModel.swift in Sources */ = {isa = PBXBuildFile; fileRef = DE2FA98C1E2B8815009E3556 /* VenueViewModel.swift */; };
		DE2FE34C1E263A0E005168CC /* RamenListController.swift in Sources */ = {isa = PBXBuildFile; fileRef = DE2FE34B1E263A0E005168CC /* RamenListController.swift */; };
		DE2FE3541E263DFB005168CC /* Ramen.swift in Sources */ = {isa = PBXBuildFile; fileRef = DE2FE3531E263DFB005168CC /* Ramen.swift */; };
		DE337C761E27698B0008CDA6 /* RepositoryListController.swift in Sources */ = {isa = PBXBuildFile; fileRef = DE337C751E27698B0008CDA6 /* RepositoryListController.swift */; };
		DE4E47791E24A01600152472 /* AppDelegate.swift in Sources */ = {isa = PBXBuildFile; fileRef = DE4E47781E24A01600152472 /* AppDelegate.swift */; };
		DE4E477B1E24A01600152472 /* ViewController.swift in Sources */ = {isa = PBXBuildFile; fileRef = DE4E477A1E24A01600152472 /* ViewController.swift */; };
		DE4E477E1E24A01600152472 /* Main.storyboard in Resources */ = {isa = PBXBuildFile; fileRef = DE4E477C1E24A01600152472 /* Main.storyboard */; };
		DE4E47801E24A01600152472 /* Assets.xcassets in Resources */ = {isa = PBXBuildFile; fileRef = DE4E477F1E24A01600152472 /* Assets.xcassets */; };
		DE4E47831E24A01600152472 /* LaunchScreen.storyboard in Resources */ = {isa = PBXBuildFile; fileRef = DE4E47811E24A01600152472 /* LaunchScreen.storyboard */; };
		DE4E478E1E24A01600152472 /* RxSwiftPracticeNoteTests.swift in Sources */ = {isa = PBXBuildFile; fileRef = DE4E478D1E24A01600152472 /* RxSwiftPracticeNoteTests.swift */; };
		DE4E47991E24A01600152472 /* RxSwiftPracticeNoteUITests.swift in Sources */ = {isa = PBXBuildFile; fileRef = DE4E47981E24A01600152472 /* RxSwiftPracticeNoteUITests.swift */; };
		DECF34F81E2BA25D006535D4 /* VenueDelegate.swift in Sources */ = {isa = PBXBuildFile; fileRef = DECF34F71E2BA25D006535D4 /* VenueDelegate.swift */; };
		DECF34FA1E2BA275006535D4 /* VenueDataSource.swift in Sources */ = {isa = PBXBuildFile; fileRef = DECF34F91E2BA275006535D4 /* VenueDataSource.swift */; };
/* End PBXBuildFile section */

/* Begin PBXContainerItemProxy section */
		DE4E478A1E24A01600152472 /* PBXContainerItemProxy */ = {
			isa = PBXContainerItemProxy;
			containerPortal = DE4E476D1E24A01500152472 /* Project object */;
			proxyType = 1;
			remoteGlobalIDString = DE4E47741E24A01600152472;
			remoteInfo = RxSwiftPracticeNote;
		};
		DE4E47951E24A01600152472 /* PBXContainerItemProxy */ = {
			isa = PBXContainerItemProxy;
			containerPortal = DE4E476D1E24A01500152472 /* Project object */;
			proxyType = 1;
			remoteGlobalIDString = DE4E47741E24A01600152472;
			remoteInfo = RxSwiftPracticeNote;
		};
/* End PBXContainerItemProxy section */

/* Begin PBXFileReference section */
		06B5FDE7CE26FEA48ACA2ED2 /* Pods-RxSwiftPracticeNote.release.xcconfig */ = {isa = PBXFileReference; includeInIndex = 1; lastKnownFileType = text.xcconfig; name = "Pods-RxSwiftPracticeNote.release.xcconfig"; path = "Pods/Target Support Files/Pods-RxSwiftPracticeNote/Pods-RxSwiftPracticeNote.release.xcconfig"; sourceTree = "<group>"; };
		4E27D0EC1D8369CBBAB07413 /* Pods_RxSwiftPracticeNote.framework */ = {isa = PBXFileReference; explicitFileType = wrapper.framework; includeInIndex = 0; path = Pods_RxSwiftPracticeNote.framework; sourceTree = BUILT_PRODUCTS_DIR; };
		A4E5ADE344FE6850AC8BF45F /* Pods-RxSwiftPracticeNote.debug.xcconfig */ = {isa = PBXFileReference; includeInIndex = 1; lastKnownFileType = text.xcconfig; name = "Pods-RxSwiftPracticeNote.debug.xcconfig"; path = "Pods/Target Support Files/Pods-RxSwiftPracticeNote/Pods-RxSwiftPracticeNote.debug.xcconfig"; sourceTree = "<group>"; };
		DE0577F61E277A5A00370B6F /* Repository.swift */ = {isa = PBXFileReference; fileEncoding = 4; lastKnownFileType = sourcecode.swift; path = Repository.swift; sourceTree = "<group>"; };
		DE0577F81E277AC400370B6F /* RepositoriesViewModel.swift */ = {isa = PBXFileReference; fileEncoding = 4; lastKnownFileType = sourcecode.swift; path = RepositoriesViewModel.swift; sourceTree = "<group>"; };
		DE178F781E2649FD00693CD5 /* RamenPresenter.swift */ = {isa = PBXFileReference; fileEncoding = 4; lastKnownFileType = sourcecode.swift; path = RamenPresenter.swift; sourceTree = "<group>"; };
		DE2FA97B1E2B791C009E3556 /* Constants.swift */ = {isa = PBXFileReference; fileEncoding = 4; lastKnownFileType = sourcecode.swift; path = Constants.swift; sourceTree = "<group>"; };
		DE2FA97E1E2B7D65009E3556 /* VenueSearchViewController.swift */ = {isa = PBXFileReference; fileEncoding = 4; lastKnownFileType = sourcecode.swift; path = VenueSearchViewController.swift; sourceTree = "<group>"; };
		DE2FA9831E2B8239009E3556 /* VenueCell.swift */ = {isa = PBXFileReference; fileEncoding = 4; lastKnownFileType = sourcecode.swift; path = VenueCell.swift; sourceTree = "<group>"; };
		DE2FA9841E2B8239009E3556 /* VenueCell.xib */ = {isa = PBXFileReference; fileEncoding = 4; lastKnownFileType = file.xib; path = VenueCell.xib; sourceTree = "<group>"; };
		DE2FA9881E2B87E0009E3556 /* Venue.swift */ = {isa = PBXFileReference; fileEncoding = 4; lastKnownFileType = sourcecode.swift; path = Venue.swift; sourceTree = "<group>"; };
		DE2FA98A1E2B87F0009E3556 /* VenueAPIClient.swift */ = {isa = PBXFileReference; fileEncoding = 4; lastKnownFileType = sourcecode.swift; path = VenueAPIClient.swift; sourceTree = "<group>"; };
		DE2FA98C1E2B8815009E3556 /* VenueViewModel.swift */ = {isa = PBXFileReference; fileEncoding = 4; lastKnownFileType = sourcecode.swift; path = VenueViewModel.swift; sourceTree = "<group>"; };
		DE2FE34B1E263A0E005168CC /* RamenListController.swift */ = {isa = PBXFileReference; fileEncoding = 4; lastKnownFileType = sourcecode.swift; path = RamenListController.swift; sourceTree = "<group>"; };
		DE2FE3531E263DFB005168CC /* Ramen.swift */ = {isa = PBXFileReference; fileEncoding = 4; lastKnownFileType = sourcecode.swift; path = Ramen.swift; sourceTree = "<group>"; };
		DE337C751E27698B0008CDA6 /* RepositoryListController.swift */ = {isa = PBXFileReference; fileEncoding = 4; lastKnownFileType = sourcecode.swift; path = RepositoryListController.swift; sourceTree = "<group>"; };
		DE3414C41E2CBD1D00A9D50C /* RxSwiftPracticeNote-Bridging-Header.h */ = {isa = PBXFileReference; lastKnownFileType = sourcecode.c.h; path = "RxSwiftPracticeNote-Bridging-Header.h"; sourceTree = "<group>"; };
		DE4E47751E24A01600152472 /* RxSwiftPracticeNote.app */ = {isa = PBXFileReference; explicitFileType = wrapper.application; includeInIndex = 0; path = RxSwiftPracticeNote.app; sourceTree = BUILT_PRODUCTS_DIR; };
		DE4E47781E24A01600152472 /* AppDelegate.swift */ = {isa = PBXFileReference; lastKnownFileType = sourcecode.swift; path = AppDelegate.swift; sourceTree = "<group>"; };
		DE4E477A1E24A01600152472 /* ViewController.swift */ = {isa = PBXFileReference; lastKnownFileType = sourcecode.swift; path = ViewController.swift; sourceTree = "<group>"; };
		DE4E477D1E24A01600152472 /* Base */ = {isa = PBXFileReference; lastKnownFileType = file.storyboard; name = Base; path = Base.lproj/Main.storyboard; sourceTree = "<group>"; };
		DE4E477F1E24A01600152472 /* Assets.xcassets */ = {isa = PBXFileReference; lastKnownFileType = folder.assetcatalog; path = Assets.xcassets; sourceTree = "<group>"; };
		DE4E47821E24A01600152472 /* Base */ = {isa = PBXFileReference; lastKnownFileType = file.storyboard; name = Base; path = Base.lproj/LaunchScreen.storyboard; sourceTree = "<group>"; };
		DE4E47841E24A01600152472 /* Info.plist */ = {isa = PBXFileReference; lastKnownFileType = text.plist.xml; path = Info.plist; sourceTree = "<group>"; };
		DE4E47891E24A01600152472 /* RxSwiftPracticeNoteTests.xctest */ = {isa = PBXFileReference; explicitFileType = wrapper.cfbundle; includeInIndex = 0; path = RxSwiftPracticeNoteTests.xctest; sourceTree = BUILT_PRODUCTS_DIR; };
		DE4E478D1E24A01600152472 /* RxSwiftPracticeNoteTests.swift */ = {isa = PBXFileReference; lastKnownFileType = sourcecode.swift; path = RxSwiftPracticeNoteTests.swift; sourceTree = "<group>"; };
		DE4E478F1E24A01600152472 /* Info.plist */ = {isa = PBXFileReference; lastKnownFileType = text.plist.xml; path = Info.plist; sourceTree = "<group>"; };
		DE4E47941E24A01600152472 /* RxSwiftPracticeNoteUITests.xctest */ = {isa = PBXFileReference; explicitFileType = wrapper.cfbundle; includeInIndex = 0; path = RxSwiftPracticeNoteUITests.xctest; sourceTree = BUILT_PRODUCTS_DIR; };
		DE4E47981E24A01600152472 /* RxSwiftPracticeNoteUITests.swift */ = {isa = PBXFileReference; lastKnownFileType = sourcecode.swift; path = RxSwiftPracticeNoteUITests.swift; sourceTree = "<group>"; };
		DE4E479A1E24A01600152472 /* Info.plist */ = {isa = PBXFileReference; lastKnownFileType = text.plist.xml; path = Info.plist; sourceTree = "<group>"; };
		DECF34F71E2BA25D006535D4 /* VenueDelegate.swift */ = {isa = PBXFileReference; fileEncoding = 4; lastKnownFileType = sourcecode.swift; path = VenueDelegate.swift; sourceTree = "<group>"; };
		DECF34F91E2BA275006535D4 /* VenueDataSource.swift */ = {isa = PBXFileReference; fileEncoding = 4; lastKnownFileType = sourcecode.swift; path = VenueDataSource.swift; sourceTree = "<group>"; };
/* End PBXFileReference section */

/* Begin PBXFrameworksBuildPhase section */
		DE4E47721E24A01600152472 /* Frameworks */ = {
			isa = PBXFrameworksBuildPhase;
			buildActionMask = 2147483647;
			files = (
				B9A828F74074DAD02605900E /* Pods_RxSwiftPracticeNote.framework in Frameworks */,
			);
			runOnlyForDeploymentPostprocessing = 0;
		};
		DE4E47861E24A01600152472 /* Frameworks */ = {
			isa = PBXFrameworksBuildPhase;
			buildActionMask = 2147483647;
			files = (
			);
			runOnlyForDeploymentPostprocessing = 0;
		};
		DE4E47911E24A01600152472 /* Frameworks */ = {
			isa = PBXFrameworksBuildPhase;
			buildActionMask = 2147483647;
			files = (
			);
			runOnlyForDeploymentPostprocessing = 0;
		};
/* End PBXFrameworksBuildPhase section */

/* Begin PBXGroup section */
		AFD2D39E730CA3D38EFEBBEA /* Frameworks */ = {
			isa = PBXGroup;
			children = (
				4E27D0EC1D8369CBBAB07413 /* Pods_RxSwiftPracticeNote.framework */,
			);
			name = Frameworks;
			sourceTree = "<group>";
		};
		DE2FA97D1E2B7D2F009E3556 /* Chapter3 */ = {
			isa = PBXGroup;
			children = (
				DE2FA9871E2B8708009E3556 /* Model */,
				DE2FA9811E2B8106009E3556 /* ViewModel */,
				DE2FA9801E2B80F8009E3556 /* ViewController */,
			);
			name = Chapter3;
			sourceTree = "<group>";
		};
		DE2FA9801E2B80F8009E3556 /* ViewController */ = {
			isa = PBXGroup;
			children = (
				DE2FA9821E2B8214009E3556 /* Components */,
				DE2FA97E1E2B7D65009E3556 /* VenueSearchViewController.swift */,
				DE3414C41E2CBD1D00A9D50C /* RxSwiftPracticeNote-Bridging-Header.h */,
			);
			name = ViewController;
			sourceTree = "<group>";
		};
		DE2FA9811E2B8106009E3556 /* ViewModel */ = {
			isa = PBXGroup;
			children = (
				DE2FA98C1E2B8815009E3556 /* VenueViewModel.swift */,
			);
			name = ViewModel;
			sourceTree = "<group>";
		};
		DE2FA9821E2B8214009E3556 /* Components */ = {
			isa = PBXGroup;
			children = (
				DECF34F71E2BA25D006535D4 /* VenueDelegate.swift */,
				DECF34F91E2BA275006535D4 /* VenueDataSource.swift */,
				DE2FA9831E2B8239009E3556 /* VenueCell.swift */,
				DE2FA9841E2B8239009E3556 /* VenueCell.xib */,
			);
			name = Components;
			sourceTree = "<group>";
		};
		DE2FA9871E2B8708009E3556 /* Model */ = {
			isa = PBXGroup;
			children = (
				DE2FA9881E2B87E0009E3556 /* Venue.swift */,
				DE2FA98A1E2B87F0009E3556 /* VenueAPIClient.swift */,
			);
			name = Model;
			sourceTree = "<group>";
		};
		DE2FE34D1E263A73005168CC /* Warmingup */ = {
			isa = PBXGroup;
			children = (
				DE2FE3501E263AB0005168CC /* ViewController */,
			);
			name = Warmingup;
			sourceTree = "<group>";
		};
		DE2FE34E1E263A8A005168CC /* Chapter1 */ = {
			isa = PBXGroup;
			children = (
				DE2FE3521E263AD6005168CC /* Presenter */,
				DE2FE3511E263ACE005168CC /* Model */,
				DE2FE34F1E263AA5005168CC /* ViewController */,
			);
			name = Chapter1;
			sourceTree = "<group>";
		};
		DE2FE34F1E263AA5005168CC /* ViewController */ = {
			isa = PBXGroup;
			children = (
				DE2FE34B1E263A0E005168CC /* RamenListController.swift */,
			);
			name = ViewController;
			sourceTree = "<group>";
		};
		DE2FE3501E263AB0005168CC /* ViewController */ = {
			isa = PBXGroup;
			children = (
				DE4E477A1E24A01600152472 /* ViewController.swift */,
			);
			name = ViewController;
			sourceTree = "<group>";
		};
		DE2FE3511E263ACE005168CC /* Model */ = {
			isa = PBXGroup;
			children = (
				DE2FE3531E263DFB005168CC /* Ramen.swift */,
			);
			name = Model;
			sourceTree = "<group>";
		};
		DE2FE3521E263AD6005168CC /* Presenter */ = {
			isa = PBXGroup;
			children = (
				DE178F781E2649FD00693CD5 /* RamenPresenter.swift */,
			);
			name = Presenter;
			sourceTree = "<group>";
		};
		DE337C711E275B760008CDA6 /* Chapter2 */ = {
			isa = PBXGroup;
			children = (
				DE337C731E27682E0008CDA6 /* Model */,
				DE337C741E2768340008CDA6 /* ViewModel */,
				DE337C721E2768240008CDA6 /* ViewController */,
			);
			name = Chapter2;
			sourceTree = "<group>";
		};
		DE337C721E2768240008CDA6 /* ViewController */ = {
			isa = PBXGroup;
			children = (
				DE337C751E27698B0008CDA6 /* RepositoryListController.swift */,
			);
			name = ViewController;
			sourceTree = "<group>";
		};
		DE337C731E27682E0008CDA6 /* Model */ = {
			isa = PBXGroup;
			children = (
				DE0577F61E277A5A00370B6F /* Repository.swift */,
			);
			name = Model;
			sourceTree = "<group>";
		};
		DE337C741E2768340008CDA6 /* ViewModel */ = {
			isa = PBXGroup;
			children = (
				DE0577F81E277AC400370B6F /* RepositoriesViewModel.swift */,
			);
			name = ViewModel;
			sourceTree = "<group>";
		};
		DE4E476C1E24A01500152472 = {
			isa = PBXGroup;
			children = (
				DE4E47771E24A01600152472 /* RxSwiftPracticeNote */,
				DE4E478C1E24A01600152472 /* RxSwiftPracticeNoteTests */,
				DE4E47971E24A01600152472 /* RxSwiftPracticeNoteUITests */,
				DE4E47761E24A01600152472 /* Products */,
				E93EEC4056B782230A2C3FFC /* Pods */,
				AFD2D39E730CA3D38EFEBBEA /* Frameworks */,
			);
			sourceTree = "<group>";
		};
		DE4E47761E24A01600152472 /* Products */ = {
			isa = PBXGroup;
			children = (
				DE4E47751E24A01600152472 /* RxSwiftPracticeNote.app */,
				DE4E47891E24A01600152472 /* RxSwiftPracticeNoteTests.xctest */,
				DE4E47941E24A01600152472 /* RxSwiftPracticeNoteUITests.xctest */,
			);
			name = Products;
			sourceTree = "<group>";
		};
		DE4E47771E24A01600152472 /* RxSwiftPracticeNote */ = {
			isa = PBXGroup;
			children = (
				DE4E47781E24A01600152472 /* AppDelegate.swift */,
				DE2FA97B1E2B791C009E3556 /* Constants.swift */,
				DE2FE34D1E263A73005168CC /* Warmingup */,
				DE2FE34E1E263A8A005168CC /* Chapter1 */,
				DE337C711E275B760008CDA6 /* Chapter2 */,
				DE2FA97D1E2B7D2F009E3556 /* Chapter3 */,
				DE4E477C1E24A01600152472 /* Main.storyboard */,
				DE4E477F1E24A01600152472 /* Assets.xcassets */,
				DE4E47811E24A01600152472 /* LaunchScreen.storyboard */,
				DE4E47841E24A01600152472 /* Info.plist */,
			);
			path = RxSwiftPracticeNote;
			sourceTree = "<group>";
		};
		DE4E478C1E24A01600152472 /* RxSwiftPracticeNoteTests */ = {
			isa = PBXGroup;
			children = (
				DE4E478D1E24A01600152472 /* RxSwiftPracticeNoteTests.swift */,
				DE4E478F1E24A01600152472 /* Info.plist */,
			);
			path = RxSwiftPracticeNoteTests;
			sourceTree = "<group>";
		};
		DE4E47971E24A01600152472 /* RxSwiftPracticeNoteUITests */ = {
			isa = PBXGroup;
			children = (
				DE4E47981E24A01600152472 /* RxSwiftPracticeNoteUITests.swift */,
				DE4E479A1E24A01600152472 /* Info.plist */,
			);
			path = RxSwiftPracticeNoteUITests;
			sourceTree = "<group>";
		};
		E93EEC4056B782230A2C3FFC /* Pods */ = {
			isa = PBXGroup;
			children = (
				A4E5ADE344FE6850AC8BF45F /* Pods-RxSwiftPracticeNote.debug.xcconfig */,
				06B5FDE7CE26FEA48ACA2ED2 /* Pods-RxSwiftPracticeNote.release.xcconfig */,
			);
			name = Pods;
			sourceTree = "<group>";
		};
/* End PBXGroup section */

/* Begin PBXNativeTarget section */
		DE4E47741E24A01600152472 /* RxSwiftPracticeNote */ = {
			isa = PBXNativeTarget;
			buildConfigurationList = DE4E479D1E24A01600152472 /* Build configuration list for PBXNativeTarget "RxSwiftPracticeNote" */;
			buildPhases = (
				D872D6651ACF3741446A5E0C /* [CP] Check Pods Manifest.lock */,
				DE4E47711E24A01600152472 /* Sources */,
				DE4E47721E24A01600152472 /* Frameworks */,
				DE4E47731E24A01600152472 /* Resources */,
				C314625339F864E5D0602858 /* [CP] Embed Pods Frameworks */,
			);
			buildRules = (
			);
			dependencies = (
			);
			name = RxSwiftPracticeNote;
			productName = RxSwiftPracticeNote;
			productReference = DE4E47751E24A01600152472 /* RxSwiftPracticeNote.app */;
			productType = "com.apple.product-type.application";
		};
		DE4E47881E24A01600152472 /* RxSwiftPracticeNoteTests */ = {
			isa = PBXNativeTarget;
			buildConfigurationList = DE4E47A01E24A01600152472 /* Build configuration list for PBXNativeTarget "RxSwiftPracticeNoteTests" */;
			buildPhases = (
				DE4E47851E24A01600152472 /* Sources */,
				DE4E47861E24A01600152472 /* Frameworks */,
				DE4E47871E24A01600152472 /* Resources */,
			);
			buildRules = (
			);
			dependencies = (
				DE4E478B1E24A01600152472 /* PBXTargetDependency */,
			);
			name = RxSwiftPracticeNoteTests;
			productName = RxSwiftPracticeNoteTests;
			productReference = DE4E47891E24A01600152472 /* RxSwiftPracticeNoteTests.xctest */;
			productType = "com.apple.product-type.bundle.unit-test";
		};
		DE4E47931E24A01600152472 /* RxSwiftPracticeNoteUITests */ = {
			isa = PBXNativeTarget;
			buildConfigurationList = DE4E47A31E24A01600152472 /* Build configuration list for PBXNativeTarget "RxSwiftPracticeNoteUITests" */;
			buildPhases = (
				DE4E47901E24A01600152472 /* Sources */,
				DE4E47911E24A01600152472 /* Frameworks */,
				DE4E47921E24A01600152472 /* Resources */,
			);
			buildRules = (
			);
			dependencies = (
				DE4E47961E24A01600152472 /* PBXTargetDependency */,
			);
			name = RxSwiftPracticeNoteUITests;
			productName = RxSwiftPracticeNoteUITests;
			productReference = DE4E47941E24A01600152472 /* RxSwiftPracticeNoteUITests.xctest */;
			productType = "com.apple.product-type.bundle.ui-testing";
		};
/* End PBXNativeTarget section */

/* Begin PBXProject section */
		DE4E476D1E24A01500152472 /* Project object */ = {
			isa = PBXProject;
			attributes = {
				LastSwiftUpdateCheck = 0820;
				LastUpgradeCheck = 0940;
				ORGANIZATIONNAME = just1factory;
				TargetAttributes = {
					DE4E47741E24A01600152472 = {
						CreatedOnToolsVersion = 8.2;
						DevelopmentTeam = S5BF5553KY;
						LastSwiftMigration = 1010;
						ProvisioningStyle = Automatic;
					};
					DE4E47881E24A01600152472 = {
						CreatedOnToolsVersion = 8.2;
						LastSwiftMigration = 1010;
						ProvisioningStyle = Automatic;
						TestTargetID = DE4E47741E24A01600152472;
					};
					DE4E47931E24A01600152472 = {
						CreatedOnToolsVersion = 8.2;
						LastSwiftMigration = 1010;
						ProvisioningStyle = Automatic;
						TestTargetID = DE4E47741E24A01600152472;
					};
				};
			};
			buildConfigurationList = DE4E47701E24A01500152472 /* Build configuration list for PBXProject "RxSwiftPracticeNote" */;
			compatibilityVersion = "Xcode 3.2";
			developmentRegion = English;
			hasScannedForEncodings = 0;
			knownRegions = (
				en,
				Base,
			);
			mainGroup = DE4E476C1E24A01500152472;
			productRefGroup = DE4E47761E24A01600152472 /* Products */;
			projectDirPath = "";
			projectRoot = "";
			targets = (
				DE4E47741E24A01600152472 /* RxSwiftPracticeNote */,
				DE4E47881E24A01600152472 /* RxSwiftPracticeNoteTests */,
				DE4E47931E24A01600152472 /* RxSwiftPracticeNoteUITests */,
			);
		};
/* End PBXProject section */

/* Begin PBXResourcesBuildPhase section */
		DE4E47731E24A01600152472 /* Resources */ = {
			isa = PBXResourcesBuildPhase;
			buildActionMask = 2147483647;
			files = (
				DE4E47831E24A01600152472 /* LaunchScreen.storyboard in Resources */,
				DE2FA9861E2B8239009E3556 /* VenueCell.xib in Resources */,
				DE4E47801E24A01600152472 /* Assets.xcassets in Resources */,
				DE4E477E1E24A01600152472 /* Main.storyboard in Resources */,
			);
			runOnlyForDeploymentPostprocessing = 0;
		};
		DE4E47871E24A01600152472 /* Resources */ = {
			isa = PBXResourcesBuildPhase;
			buildActionMask = 2147483647;
			files = (
			);
			runOnlyForDeploymentPostprocessing = 0;
		};
		DE4E47921E24A01600152472 /* Resources */ = {
			isa = PBXResourcesBuildPhase;
			buildActionMask = 2147483647;
			files = (
			);
			runOnlyForDeploymentPostprocessing = 0;
		};
/* End PBXResourcesBuildPhase section */

/* Begin PBXShellScriptBuildPhase section */
		C314625339F864E5D0602858 /* [CP] Embed Pods Frameworks */ = {
			isa = PBXShellScriptBuildPhase;
			buildActionMask = 2147483647;
			files = (
			);
			inputFileListPaths = (
			);
			inputPaths = (
				"${SRCROOT}/Pods/Target Support Files/Pods-RxSwiftPracticeNote/Pods-RxSwiftPracticeNote-frameworks.sh",
				"${BUILT_PRODUCTS_DIR}/Alamofire/Alamofire.framework",
				"${BUILT_PRODUCTS_DIR}/Differentiator/Differentiator.framework",
				"${BUILT_PRODUCTS_DIR}/FoursquareAPIClient/FoursquareAPIClient.framework",
				"${BUILT_PRODUCTS_DIR}/ObjectMapper/ObjectMapper.framework",
				"${BUILT_PRODUCTS_DIR}/RxAlamofire/RxAlamofire.framework",
				"${BUILT_PRODUCTS_DIR}/RxAtomic/RxAtomic.framework",
				"${BUILT_PRODUCTS_DIR}/RxCocoa/RxCocoa.framework",
				"${BUILT_PRODUCTS_DIR}/RxDataSources/RxDataSources.framework",
				"${BUILT_PRODUCTS_DIR}/RxSwift/RxSwift.framework",
				"${BUILT_PRODUCTS_DIR}/SDWebImage/SDWebImage.framework",
				"${BUILT_PRODUCTS_DIR}/SwiftyJSON/SwiftyJSON.framework",
			);
			name = "[CP] Embed Pods Frameworks";
			outputFileListPaths = (
			);
			outputPaths = (
				"${TARGET_BUILD_DIR}/${FRAMEWORKS_FOLDER_PATH}/Alamofire.framework",
				"${TARGET_BUILD_DIR}/${FRAMEWORKS_FOLDER_PATH}/Differentiator.framework",
				"${TARGET_BUILD_DIR}/${FRAMEWORKS_FOLDER_PATH}/FoursquareAPIClient.framework",
				"${TARGET_BUILD_DIR}/${FRAMEWORKS_FOLDER_PATH}/ObjectMapper.framework",
				"${TARGET_BUILD_DIR}/${FRAMEWORKS_FOLDER_PATH}/RxAlamofire.framework",
				"${TARGET_BUILD_DIR}/${FRAMEWORKS_FOLDER_PATH}/RxAtomic.framework",
				"${TARGET_BUILD_DIR}/${FRAMEWORKS_FOLDER_PATH}/RxCocoa.framework",
				"${TARGET_BUILD_DIR}/${FRAMEWORKS_FOLDER_PATH}/RxDataSources.framework",
				"${TARGET_BUILD_DIR}/${FRAMEWORKS_FOLDER_PATH}/RxSwift.framework",
				"${TARGET_BUILD_DIR}/${FRAMEWORKS_FOLDER_PATH}/SDWebImage.framework",
				"${TARGET_BUILD_DIR}/${FRAMEWORKS_FOLDER_PATH}/SwiftyJSON.framework",
			);
			runOnlyForDeploymentPostprocessing = 0;
			shellPath = /bin/sh;
			shellScript = "\"${SRCROOT}/Pods/Target Support Files/Pods-RxSwiftPracticeNote/Pods-RxSwiftPracticeNote-frameworks.sh\"\n";
			showEnvVarsInLog = 0;
		};
		D872D6651ACF3741446A5E0C /* [CP] Check Pods Manifest.lock */ = {
			isa = PBXShellScriptBuildPhase;
			buildActionMask = 2147483647;
			files = (
			);
			inputPaths = (
				"${PODS_PODFILE_DIR_PATH}/Podfile.lock",
				"${PODS_ROOT}/Manifest.lock",
			);
			name = "[CP] Check Pods Manifest.lock";
			outputPaths = (
				"$(DERIVED_FILE_DIR)/Pods-RxSwiftPracticeNote-checkManifestLockResult.txt",
			);
			runOnlyForDeploymentPostprocessing = 0;
			shellPath = /bin/sh;
			shellScript = "diff \"${PODS_PODFILE_DIR_PATH}/Podfile.lock\" \"${PODS_ROOT}/Manifest.lock\" > /dev/null\nif [ $? != 0 ] ; then\n    # print error to STDERR\n    echo \"error: The sandbox is not in sync with the Podfile.lock. Run 'pod install' or update your CocoaPods installation.\" >&2\n    exit 1\nfi\n# This output is used by Xcode 'outputs' to avoid re-running this script phase.\necho \"SUCCESS\" > \"${SCRIPT_OUTPUT_FILE_0}\"\n";
			showEnvVarsInLog = 0;
		};
/* End PBXShellScriptBuildPhase section */

/* Begin PBXSourcesBuildPhase section */
		DE4E47711E24A01600152472 /* Sources */ = {
			isa = PBXSourcesBuildPhase;
			buildActionMask = 2147483647;
			files = (
				DE178F791E2649FD00693CD5 /* RamenPresenter.swift in Sources */,
				DE2FA9891E2B87E0009E3556 /* Venue.swift in Sources */,
				DE0577F71E277A5A00370B6F /* Repository.swift in Sources */,
				DE2FE34C1E263A0E005168CC /* RamenListController.swift in Sources */,
				DECF34F81E2BA25D006535D4 /* VenueDelegate.swift in Sources */,
				DE2FA98D1E2B8815009E3556 /* VenueViewModel.swift in Sources */,
				DE2FE3541E263DFB005168CC /* Ramen.swift in Sources */,
				DE4E477B1E24A01600152472 /* ViewController.swift in Sources */,
				DE0577F91E277AC400370B6F /* RepositoriesViewModel.swift in Sources */,
				DE4E47791E24A01600152472 /* AppDelegate.swift in Sources */,
				DE2FA9851E2B8239009E3556 /* VenueCell.swift in Sources */,
				DE337C761E27698B0008CDA6 /* RepositoryListController.swift in Sources */,
				DE2FA97F1E2B7D65009E3556 /* VenueSearchViewController.swift in Sources */,
				DE2FA98B1E2B87F0009E3556 /* VenueAPIClient.swift in Sources */,
				DECF34FA1E2BA275006535D4 /* VenueDataSource.swift in Sources */,
				DE2FA97C1E2B791D009E3556 /* Constants.swift in Sources */,
			);
			runOnlyForDeploymentPostprocessing = 0;
		};
		DE4E47851E24A01600152472 /* Sources */ = {
			isa = PBXSourcesBuildPhase;
			buildActionMask = 2147483647;
			files = (
				DE4E478E1E24A01600152472 /* RxSwiftPracticeNoteTests.swift in Sources */,
			);
			runOnlyForDeploymentPostprocessing = 0;
		};
		DE4E47901E24A01600152472 /* Sources */ = {
			isa = PBXSourcesBuildPhase;
			buildActionMask = 2147483647;
			files = (
				DE4E47991E24A01600152472 /* RxSwiftPracticeNoteUITests.swift in Sources */,
			);
			runOnlyForDeploymentPostprocessing = 0;
		};
/* End PBXSourcesBuildPhase section */

/* Begin PBXTargetDependency section */
		DE4E478B1E24A01600152472 /* PBXTargetDependency */ = {
			isa = PBXTargetDependency;
			target = DE4E47741E24A01600152472 /* RxSwiftPracticeNote */;
			targetProxy = DE4E478A1E24A01600152472 /* PBXContainerItemProxy */;
		};
		DE4E47961E24A01600152472 /* PBXTargetDependency */ = {
			isa = PBXTargetDependency;
			target = DE4E47741E24A01600152472 /* RxSwiftPracticeNote */;
			targetProxy = DE4E47951E24A01600152472 /* PBXContainerItemProxy */;
		};
/* End PBXTargetDependency section */

/* Begin PBXVariantGroup section */
		DE4E477C1E24A01600152472 /* Main.storyboard */ = {
			isa = PBXVariantGroup;
			children = (
				DE4E477D1E24A01600152472 /* Base */,
			);
			name = Main.storyboard;
			sourceTree = "<group>";
		};
		DE4E47811E24A01600152472 /* LaunchScreen.storyboard */ = {
			isa = PBXVariantGroup;
			children = (
				DE4E47821E24A01600152472 /* Base */,
			);
			name = LaunchScreen.storyboard;
			sourceTree = "<group>";
		};
/* End PBXVariantGroup section */

/* Begin XCBuildConfiguration section */
		DE4E479B1E24A01600152472 /* Debug */ = {
			isa = XCBuildConfiguration;
			buildSettings = {
				ALWAYS_SEARCH_USER_PATHS = NO;
				CLANG_ANALYZER_NONNULL = YES;
				CLANG_CXX_LANGUAGE_STANDARD = "gnu++0x";
				CLANG_CXX_LIBRARY = "libc++";
				CLANG_ENABLE_MODULES = YES;
				CLANG_ENABLE_OBJC_ARC = YES;
				CLANG_WARN_BLOCK_CAPTURE_AUTORELEASING = YES;
				CLANG_WARN_BOOL_CONVERSION = YES;
				CLANG_WARN_COMMA = YES;
				CLANG_WARN_CONSTANT_CONVERSION = YES;
				CLANG_WARN_DEPRECATED_OBJC_IMPLEMENTATIONS = YES;
				CLANG_WARN_DIRECT_OBJC_ISA_USAGE = YES_ERROR;
				CLANG_WARN_DOCUMENTATION_COMMENTS = YES;
				CLANG_WARN_EMPTY_BODY = YES;
				CLANG_WARN_ENUM_CONVERSION = YES;
				CLANG_WARN_INFINITE_RECURSION = YES;
				CLANG_WARN_INT_CONVERSION = YES;
				CLANG_WARN_NON_LITERAL_NULL_CONVERSION = YES;
				CLANG_WARN_OBJC_IMPLICIT_RETAIN_SELF = YES;
				CLANG_WARN_OBJC_LITERAL_CONVERSION = YES;
				CLANG_WARN_OBJC_ROOT_CLASS = YES_ERROR;
				CLANG_WARN_RANGE_LOOP_ANALYSIS = YES;
				CLANG_WARN_STRICT_PROTOTYPES = YES;
				CLANG_WARN_SUSPICIOUS_MOVE = YES;
				CLANG_WARN_UNREACHABLE_CODE = YES;
				CLANG_WARN__DUPLICATE_METHOD_MATCH = YES;
				"CODE_SIGN_IDENTITY[sdk=iphoneos*]" = "iPhone Developer";
				COPY_PHASE_STRIP = NO;
				DEBUG_INFORMATION_FORMAT = dwarf;
				ENABLE_STRICT_OBJC_MSGSEND = YES;
				ENABLE_TESTABILITY = YES;
				GCC_C_LANGUAGE_STANDARD = gnu99;
				GCC_DYNAMIC_NO_PIC = NO;
				GCC_NO_COMMON_BLOCKS = YES;
				GCC_OPTIMIZATION_LEVEL = 0;
				GCC_PREPROCESSOR_DEFINITIONS = (
					"DEBUG=1",
					"$(inherited)",
				);
				GCC_WARN_64_TO_32_BIT_CONVERSION = YES;
				GCC_WARN_ABOUT_RETURN_TYPE = YES_ERROR;
				GCC_WARN_UNDECLARED_SELECTOR = YES;
				GCC_WARN_UNINITIALIZED_AUTOS = YES_AGGRESSIVE;
				GCC_WARN_UNUSED_FUNCTION = YES;
				GCC_WARN_UNUSED_VARIABLE = YES;
				IPHONEOS_DEPLOYMENT_TARGET = 10.2;
				MTL_ENABLE_DEBUG_INFO = YES;
				ONLY_ACTIVE_ARCH = YES;
				SDKROOT = iphoneos;
				SWIFT_ACTIVE_COMPILATION_CONDITIONS = DEBUG;
				SWIFT_OPTIMIZATION_LEVEL = "-Onone";
				SWIFT_VERSION = 4.2;
			};
			name = Debug;
		};
		DE4E479C1E24A01600152472 /* Release */ = {
			isa = XCBuildConfiguration;
			buildSettings = {
				ALWAYS_SEARCH_USER_PATHS = NO;
				CLANG_ANALYZER_NONNULL = YES;
				CLANG_CXX_LANGUAGE_STANDARD = "gnu++0x";
				CLANG_CXX_LIBRARY = "libc++";
				CLANG_ENABLE_MODULES = YES;
				CLANG_ENABLE_OBJC_ARC = YES;
				CLANG_WARN_BLOCK_CAPTURE_AUTORELEASING = YES;
				CLANG_WARN_BOOL_CONVERSION = YES;
				CLANG_WARN_COMMA = YES;
				CLANG_WARN_CONSTANT_CONVERSION = YES;
				CLANG_WARN_DEPRECATED_OBJC_IMPLEMENTATIONS = YES;
				CLANG_WARN_DIRECT_OBJC_ISA_USAGE = YES_ERROR;
				CLANG_WARN_DOCUMENTATION_COMMENTS = YES;
				CLANG_WARN_EMPTY_BODY = YES;
				CLANG_WARN_ENUM_CONVERSION = YES;
				CLANG_WARN_INFINITE_RECURSION = YES;
				CLANG_WARN_INT_CONVERSION = YES;
				CLANG_WARN_NON_LITERAL_NULL_CONVERSION = YES;
				CLANG_WARN_OBJC_IMPLICIT_RETAIN_SELF = YES;
				CLANG_WARN_OBJC_LITERAL_CONVERSION = YES;
				CLANG_WARN_OBJC_ROOT_CLASS = YES_ERROR;
				CLANG_WARN_RANGE_LOOP_ANALYSIS = YES;
				CLANG_WARN_STRICT_PROTOTYPES = YES;
				CLANG_WARN_SUSPICIOUS_MOVE = YES;
				CLANG_WARN_UNREACHABLE_CODE = YES;
				CLANG_WARN__DUPLICATE_METHOD_MATCH = YES;
				"CODE_SIGN_IDENTITY[sdk=iphoneos*]" = "iPhone Developer";
				COPY_PHASE_STRIP = NO;
				DEBUG_INFORMATION_FORMAT = "dwarf-with-dsym";
				ENABLE_NS_ASSERTIONS = NO;
				ENABLE_STRICT_OBJC_MSGSEND = YES;
				GCC_C_LANGUAGE_STANDARD = gnu99;
				GCC_NO_COMMON_BLOCKS = YES;
				GCC_WARN_64_TO_32_BIT_CONVERSION = YES;
				GCC_WARN_ABOUT_RETURN_TYPE = YES_ERROR;
				GCC_WARN_UNDECLARED_SELECTOR = YES;
				GCC_WARN_UNINITIALIZED_AUTOS = YES_AGGRESSIVE;
				GCC_WARN_UNUSED_FUNCTION = YES;
				GCC_WARN_UNUSED_VARIABLE = YES;
				IPHONEOS_DEPLOYMENT_TARGET = 10.2;
				MTL_ENABLE_DEBUG_INFO = NO;
				SDKROOT = iphoneos;
				SWIFT_OPTIMIZATION_LEVEL = "-Owholemodule";
				SWIFT_VERSION = 4.2;
				VALIDATE_PRODUCT = YES;
			};
			name = Release;
		};
		DE4E479E1E24A01600152472 /* Debug */ = {
			isa = XCBuildConfiguration;
			baseConfigurationReference = A4E5ADE344FE6850AC8BF45F /* Pods-RxSwiftPracticeNote.debug.xcconfig */;
			buildSettings = {
				ASSETCATALOG_COMPILER_APPICON_NAME = AppIcon;
				DEVELOPMENT_TEAM = S5BF5553KY;
				INFOPLIST_FILE = RxSwiftPracticeNote/Info.plist;
				IPHONEOS_DEPLOYMENT_TARGET = 10;
				LD_RUNPATH_SEARCH_PATHS = "$(inherited) @executable_path/Frameworks";
				OTHER_CFLAGS = "-DEZDUMMY12";
				PRODUCT_BUNDLE_IDENTIFIER = net.just1factory.RxSwiftPracticeNote;
				PRODUCT_NAME = "$(TARGET_NAME)";
				SWIFT_OBJC_BRIDGING_HEADER = "/Users/sakaifumiya/Desktop/iOSApp/RxSwiftPracticeNote/RxSwiftPracticeNote/RxSwiftPracticeNote-Bridging-Header.h";
				SWIFT_SWIFT3_OBJC_INFERENCE = On;
				SWIFT_VERSION = 4.2;
			};
			name = Debug;
		};
		DE4E479F1E24A01600152472 /* Release */ = {
			isa = XCBuildConfiguration;
			baseConfigurationReference = 06B5FDE7CE26FEA48ACA2ED2 /* Pods-RxSwiftPracticeNote.release.xcconfig */;
			buildSettings = {
				ASSETCATALOG_COMPILER_APPICON_NAME = AppIcon;
				DEVELOPMENT_TEAM = S5BF5553KY;
				INFOPLIST_FILE = RxSwiftPracticeNote/Info.plist;
				IPHONEOS_DEPLOYMENT_TARGET = 10;
				LD_RUNPATH_SEARCH_PATHS = "$(inherited) @executable_path/Frameworks";
				OTHER_CFLAGS = "-DEZDUMMY12";
				PRODUCT_BUNDLE_IDENTIFIER = net.just1factory.RxSwiftPracticeNote;
				PRODUCT_NAME = "$(TARGET_NAME)";
				SWIFT_OBJC_BRIDGING_HEADER = "/Users/sakaifumiya/Desktop/iOSApp/RxSwiftPracticeNote/RxSwiftPracticeNote/RxSwiftPracticeNote-Bridging-Header.h";
				SWIFT_SWIFT3_OBJC_INFERENCE = On;
				SWIFT_VERSION = 4.2;
			};
			name = Release;
		};
		DE4E47A11E24A01600152472 /* Debug */ = {
			isa = XCBuildConfiguration;
			buildSettings = {
				ALWAYS_EMBED_SWIFT_STANDARD_LIBRARIES = YES;
				BUNDLE_LOADER = "$(TEST_HOST)";
				INFOPLIST_FILE = RxSwiftPracticeNoteTests/Info.plist;
				LD_RUNPATH_SEARCH_PATHS = "$(inherited) @executable_path/Frameworks @loader_path/Frameworks";
				PRODUCT_BUNDLE_IDENTIFIER = net.just1factory.RxSwiftPracticeNoteTests;
				PRODUCT_NAME = "$(TARGET_NAME)";
				SWIFT_SWIFT3_OBJC_INFERENCE = On;
				SWIFT_VERSION = 4.2;
				TEST_HOST = "$(BUILT_PRODUCTS_DIR)/RxSwiftPracticeNote.app/RxSwiftPracticeNote";
			};
			name = Debug;
		};
		DE4E47A21E24A01600152472 /* Release */ = {
			isa = XCBuildConfiguration;
			buildSettings = {
				ALWAYS_EMBED_SWIFT_STANDARD_LIBRARIES = YES;
				BUNDLE_LOADER = "$(TEST_HOST)";
				INFOPLIST_FILE = RxSwiftPracticeNoteTests/Info.plist;
				LD_RUNPATH_SEARCH_PATHS = "$(inherited) @executable_path/Frameworks @loader_path/Frameworks";
				PRODUCT_BUNDLE_IDENTIFIER = net.just1factory.RxSwiftPracticeNoteTests;
				PRODUCT_NAME = "$(TARGET_NAME)";
				SWIFT_SWIFT3_OBJC_INFERENCE = On;
				SWIFT_VERSION = 4.2;
				TEST_HOST = "$(BUILT_PRODUCTS_DIR)/RxSwiftPracticeNote.app/RxSwiftPracticeNote";
			};
			name = Release;
		};
		DE4E47A41E24A01600152472 /* Debug */ = {
			isa = XCBuildConfiguration;
			buildSettings = {
				ALWAYS_EMBED_SWIFT_STANDARD_LIBRARIES = YES;
				INFOPLIST_FILE = RxSwiftPracticeNoteUITests/Info.plist;
				LD_RUNPATH_SEARCH_PATHS = "$(inherited) @executable_path/Frameworks @loader_path/Frameworks";
				PRODUCT_BUNDLE_IDENTIFIER = net.just1factory.RxSwiftPracticeNoteUITests;
				PRODUCT_NAME = "$(TARGET_NAME)";
				SWIFT_SWIFT3_OBJC_INFERENCE = On;
				SWIFT_VERSION = 4.2;
				TEST_TARGET_NAME = RxSwiftPracticeNote;
			};
			name = Debug;
		};
		DE4E47A51E24A01600152472 /* Release */ = {
			isa = XCBuildConfiguration;
			buildSettings = {
				ALWAYS_EMBED_SWIFT_STANDARD_LIBRARIES = YES;
				INFOPLIST_FILE = RxSwiftPracticeNoteUITests/Info.plist;
				LD_RUNPATH_SEARCH_PATHS = "$(inherited) @executable_path/Frameworks @loader_path/Frameworks";
				PRODUCT_BUNDLE_IDENTIFIER = net.just1factory.RxSwiftPracticeNoteUITests;
				PRODUCT_NAME = "$(TARGET_NAME)";
				SWIFT_SWIFT3_OBJC_INFERENCE = On;
				SWIFT_VERSION = 4.2;
				TEST_TARGET_NAME = RxSwiftPracticeNote;
			};
			name = Release;
		};
/* End XCBuildConfiguration section */

/* Begin XCConfigurationList section */
		DE4E47701E24A01500152472 /* Build configuration list for PBXProject "RxSwiftPracticeNote" */ = {
			isa = XCConfigurationList;
			buildConfigurations = (
				DE4E479B1E24A01600152472 /* Debug */,
				DE4E479C1E24A01600152472 /* Release */,
			);
			defaultConfigurationIsVisible = 0;
			defaultConfigurationName = Release;
		};
		DE4E479D1E24A01600152472 /* Build configuration list for PBXNativeTarget "RxSwiftPracticeNote" */ = {
			isa = XCConfigurationList;
			buildConfigurations = (
				DE4E479E1E24A01600152472 /* Debug */,
				DE4E479F1E24A01600152472 /* Release */,
			);
			defaultConfigurationIsVisible = 0;
			defaultConfigurationName = Release;
		};
		DE4E47A01E24A01600152472 /* Build configuration list for PBXNativeTarget "RxSwiftPracticeNoteTests" */ = {
			isa = XCConfigurationList;
			buildConfigurations = (
				DE4E47A11E24A01600152472 /* Debug */,
				DE4E47A21E24A01600152472 /* Release */,
			);
			defaultConfigurationIsVisible = 0;
			defaultConfigurationName = Release;
		};
		DE4E47A31E24A01600152472 /* Build configuration list for PBXNativeTarget "RxSwiftPracticeNoteUITests" */ = {
			isa = XCConfigurationList;
			buildConfigurations = (
				DE4E47A41E24A01600152472 /* Debug */,
				DE4E47A51E24A01600152472 /* Release */,
			);
			defaultConfigurationIsVisible = 0;
			defaultConfigurationName = Release;
		};
/* End XCConfigurationList section */
	};
	rootObject = DE4E476D1E24A01500152472 /* Project object */;
}
