PODS:
  - Alamofire (4.7.2)
  - Differentiator (3.0.2)
  - FoursquareAPIClient (4.0.1)
  - ObjectMapper (3.2.0)
  - RxAlamofire/Core (4.2.0):
    - Alamofire (~> 4.5)
    - RxSwift (~> 4)
  - RxAlamofire/RxCocoa (4.2.0):
    - RxAlamofire/Core
    - RxCocoa (~> 4)
  - RxCocoa (4.1.2):
    - RxSwift (~> 4.0)
  - RxDataSources (3.0.2):
    - Differentiator (~> 3.0)
    - RxCocoa (~> 4.0)
    - RxSwift (~> 4.0)
  - RxSwift (4.1.2)
  - SDWebImage (4.4.0):
    - SDWebImage/Core (= 4.4.0)
  - SDWebImage/Core (4.4.0)
  - SwiftyJSON (4.1.0)

DEPENDENCIES:
  - FoursquareAPIClient
  - ObjectMapper
  - RxAlamofire/RxCocoa
  - RxCocoa
  - RxDataSources
  - RxSwift
  - SDWebImage
  - SwiftyJSON

SPEC REPOS:
  https://github.com/CocoaPods/Specs.git:
    - Alamofire
    - Differentiator
    - FoursquareAPIClient
    - ObjectMapper
    - RxAlamofire
    - RxCocoa
    - RxDataSources
    - RxSwift
    - SDWebImage
    - SwiftyJSON

SPEC CHECKSUMS:
  Alamofire: e4fa87002c137ba2d8d634d2c51fabcda0d5c223
  Differentiator: a87be69eba49ec4ab460c7671143ee3a9eececfd
  FoursquareAPIClient: 12fbe6aa7b11485ee8314c7590458b6baa226f4e
  ObjectMapper: 5cccd2de6f253eda859df8116a5a554d9769e859
  RxAlamofire: 87a9c588541210cc3e4a1f843ccc3ecf3eb98b31
  RxCocoa: d88ba0f1f6abf040011a9eb4b539324fc426843a
  RxDataSources: cb7c31e652a87ebb919da45f716bbb87b3765f6b
  RxSwift: e49536837d9901277638493ea537394d4b55f570
  SDWebImage: b534502786e43dde36dfcaee89356fe6df30e203
  SwiftyJSON: c29297daf073d2aa016295d5809cdd68045c39b3

PODFILE CHECKSUM: b4876ff9bfd19718603883b6eac82d7440aca0f8

COCOAPODS: 1.5.0
