PODS:
  - Alamofire (4.8.2)
  - Differentiator (4.0.1)
  - FoursquareAPIClient (5.0.1)
  - ObjectMapper (3.5.1)
  - RxAlamofire/Core (5.0.0):
    - Alamofire (~> 4.8)
    - RxSwift (~> 5.0)
  - RxAlamofire/RxCocoa (5.0.0):
    - RxAlamofire/Core
    - RxCocoa (~> 5.0)
  - RxCocoa (5.0.0):
    - RxRelay (~> 5)
    - RxSwift (~> 5)
  - RxDataSources (4.0.1):
    - Differentiator (~> 4.0)
    - RxCocoa (~> 5.0)
    - RxSwift (~> 5.0)
  - RxRelay (5.0.0):
    - RxSwift (~> 5)
  - RxSwift (5.0.0)
  - SDWebImage (5.0.6):
    - SDWebImage/Core (= 5.0.6)
  - SDWebImage/Core (5.0.6)
  - SwiftyJSON (5.0.0)

DEPENDENCIES:
  - FoursquareAPIClient
  - ObjectMapper
  - RxAlamofire/RxCocoa
  - RxCocoa
  - RxDataSources
  - RxSwift
  - SDWebImage
  - SwiftyJSON

SPEC REPOS:
  https://github.com/cocoapods/specs.git:
    - Alamofire
    - Differentiator
    - FoursquareAPIClient
    - ObjectMapper
    - RxAlamofire
    - RxCocoa
    - RxDataSources
    - RxRelay
    - RxSwift
    - SDWebImage
    - SwiftyJSON

SPEC CHECKSUMS:
  Alamofire: ae5c501addb7afdbb13687d7f2f722c78734c2d3
  Differentiator: 886080237d9f87f322641dedbc5be257061b0602
  FoursquareAPIClient: 83c932298e905634e0c0cce90e3f1d6897c7a7a9
  ObjectMapper: 70187b8941977c62ccfb423caf6b50be405cabf0
  RxAlamofire: e7875a012aff55345672d0f70a2a9cd6aeb0f211
  RxCocoa: fcf32050ac00d801f34a7f71d5e8e7f23026dcd8
  RxDataSources: efee07fa4de48477eca0a4611e6d11e2da9c1114
  RxRelay: 4f7409406a51a55cd88483f21ed898c234d60f18
  RxSwift: 8b0671caa829a763bbce7271095859121cbd895f
  SDWebImage: 920f1a2ff1ca8296ad34f6e0510a1ef1d70ac965
  SwiftyJSON: 36413e04c44ee145039d332b4f4e2d3e8d6c4db7

PODFILE CHECKSUM: b4876ff9bfd19718603883b6eac82d7440aca0f8

COCOAPODS: 1.7.2
